
Microsoft Visual Studio Solution File, Format Version 12.00
# Visual Studio Version 17
VisualStudioVersion = 17.5.33424.131
MinimumVisualStudioVersion = 10.0.40219.1
Project("{FAE04EC0-301F-11D3-BF4B-00C04F79EFBC}") = "ISpan2023.EStore.WinApp", "ISpan2023.EStore.WinApp\ISpan2023.EStore.WinApp.csproj", "{169DFE88-C91F-4863-8B74-72E6F873475A}"
EndProject
Project("{FAE04EC0-301F-11D3-BF4B-00C04F79EFBC}") = "ISpan2023.EStore.SqlDataLayer", "ISpan2023.EStore.SqlDataLayer\ISpan2023.EStore.SqlDataLayer.csproj", "{2177E557-0E5D-4306-8B9D-F8A712C2EC99}"
EndProject
Project("{FAE04EC0-301F-11D3-BF4B-00C04F79EFBC}") = "ConsoleApp1", "ConsoleApp1\ConsoleApp1.csproj", "{4E70010D-B942-4C92-92B9-2984008BCD2A}"
EndProject
Project("{FAE04EC0-301F-11D3-BF4B-00C04F79EFBC}") = "ConsoleApp2", "ConsoleApp2\ConsoleApp2.csproj", "{8DF369CE-A9F7-4278-BF8F-64FB539F571B}"
EndProject
Project("{FAE04EC0-301F-11D3-BF4B-00C04F79EFBC}") = "ISpan.MultiLayers.WinApp", "ISpan.MultiLayers.WinApp\ISpan.MultiLayers.WinApp.csproj", "{14FB2890-B8B2-4598-B4AC-4C31E20590C0}"
EndProject
Project("{FAE04EC0-301F-11D3-BF4B-00C04F79EFBC}") = "WindowsFormsApp1", "WindowsFormsApp1\WindowsFormsApp1.csproj", "{9BE3D266-19EC-4D8D-A75C-61573612F7F8}"
EndProject
Global
	GlobalSection(SolutionConfigurationPlatforms) = preSolution
		Debug|Any CPU = Debug|Any CPU
		Release|Any CPU = Release|Any CPU
	EndGlobalSection
	GlobalSection(ProjectConfigurationPlatforms) = postSolution
		{169DFE88-C91F-4863-8B74-72E6F873475A}.Debug|Any CPU.ActiveCfg = Debug|Any CPU
		{169DFE88-C91F-4863-8B74-72E6F873475A}.Debug|Any CPU.Build.0 = Debug|Any CPU
		{169DFE88-C91F-4863-8B74-72E6F873475A}.Release|Any CPU.ActiveCfg = Release|Any CPU
		{169DFE88-C91F-4863-8B74-72E6F873475A}.Release|Any CPU.Build.0 = Release|Any CPU
		{2177E557-0E5D-4306-8B9D-F8A712C2EC99}.Debug|Any CPU.ActiveCfg = Debug|Any CPU
		{2177E557-0E5D-4306-8B9D-F8A712C2EC99}.Debug|Any CPU.Build.0 = Debug|Any CPU
		{2177E557-0E5D-4306-8B9D-F8A712C2EC99}.Release|Any CPU.ActiveCfg = Release|Any CPU
		{2177E557-0E5D-4306-8B9D-F8A712C2EC99}.Release|Any CPU.Build.0 = Release|Any CPU
		{4E70010D-B942-4C92-92B9-2984008BCD2A}.Debug|Any CPU.ActiveCfg = Debug|Any CPU
		{4E70010D-B942-4C92-92B9-2984008BCD2A}.Debug|Any CPU.Build.0 = Debug|Any CPU
		{4E70010D-B942-4C92-92B9-2984008BCD2A}.Release|Any CPU.ActiveCfg = Release|Any CPU
		{4E70010D-B942-4C92-92B9-2984008BCD2A}.Release|Any CPU.Build.0 = Release|Any CPU
		{8DF369CE-A9F7-4278-BF8F-64FB539F571B}.Debug|Any CPU.ActiveCfg = Debug|Any CPU
		{8DF369CE-A9F7-4278-BF8F-64FB539F571B}.Debug|Any CPU.Build.0 = Debug|Any CPU
		{8DF369CE-A9F7-4278-BF8F-64FB539F571B}.Release|Any CPU.ActiveCfg = Release|Any CPU
		{8DF369CE-A9F7-4278-BF8F-64FB539F571B}.Release|Any CPU.Build.0 = Release|Any CPU
		{14FB2890-B8B2-4598-B4AC-4C31E20590C0}.Debug|Any CPU.ActiveCfg = Debug|Any CPU
		{14FB2890-B8B2-4598-B4AC-4C31E20590C0}.Debug|Any CPU.Build.0 = Debug|Any CPU
		{14FB2890-B8B2-4598-B4AC-4C31E20590C0}.Release|Any CPU.ActiveCfg = Release|Any CPU
		{14FB2890-B8B2-4598-B4AC-4C31E20590C0}.Release|Any CPU.Build.0 = Release|Any CPU
		{9BE3D266-19EC-4D8D-A75C-61573612F7F8}.Debug|Any CPU.ActiveCfg = Debug|Any CPU
		{9BE3D266-19EC-4D8D-A75C-61573612F7F8}.Debug|Any CPU.Build.0 = Debug|Any CPU
		{9BE3D266-19EC-4D8D-A75C-61573612F7F8}.Release|Any CPU.ActiveCfg = Release|Any CPU
		{9BE3D266-19EC-4D8D-A75C-61573612F7F8}.Release|Any CPU.Build.0 = Release|Any CPU
	EndGlobalSection
	GlobalSection(SolutionProperties) = preSolution
		HideSolutionNode = FALSE
	EndGlobalSection
	GlobalSection(ExtensibilityGlobals) = postSolution
		SolutionGuid = {DE18D051-0EB5-4B85-9766-D907121A0FE9}
	EndGlobalSection
EndGlobal
